
Microsoft Visual Studio Solution File, Format Version 12.00
# Visual Studio Version 16
VisualStudioVersion = 16.0.29806.167
MinimumVisualStudioVersion = 10.0.40219.1
Project("{FAE04EC0-301F-11D3-BF4B-00C04F79EFBC}") = "CoinChangeProblem", "CoinChangeProblem.csproj", "{3BC9FFB8-4915-4D2F-92B2-24CFB4519516}"
EndProject
Project("{FAE04EC0-301F-11D3-BF4B-00C04F79EFBC}") = "CoinChnageProblemUnitTests", "..\CoinChnageProblemUnitTests\CoinChnageProblemUnitTests.csproj", "{44894D50-E711-420E-93F0-EE37EAEAAFCB}"
EndProject
Global
	GlobalSection(SolutionConfigurationPlatforms) = preSolution
		Debug|Any CPU = Debug|Any CPU
		Release|Any CPU = Release|Any CPU
	EndGlobalSection
	GlobalSection(ProjectConfigurationPlatforms) = postSolution
		{3BC9FFB8-4915-4D2F-92B2-24CFB4519516}.Debug|Any CPU.ActiveCfg = Debug|Any CPU
		{3BC9FFB8-4915-4D2F-92B2-24CFB4519516}.Debug|Any CPU.Build.0 = Debug|Any CPU
		{3BC9FFB8-4915-4D2F-92B2-24CFB4519516}.Release|Any CPU.ActiveCfg = Release|Any CPU
		{3BC9FFB8-4915-4D2F-92B2-24CFB4519516}.Release|Any CPU.Build.0 = Release|Any CPU
		{44894D50-E711-420E-93F0-EE37EAEAAFCB}.Debug|Any CPU.ActiveCfg = Debug|Any CPU
		{44894D50-E711-420E-93F0-EE37EAEAAFCB}.Debug|Any CPU.Build.0 = Debug|Any CPU
		{44894D50-E711-420E-93F0-EE37EAEAAFCB}.Release|Any CPU.ActiveCfg = Release|Any CPU
		{44894D50-E711-420E-93F0-EE37EAEAAFCB}.Release|Any CPU.Build.0 = Release|Any CPU
	EndGlobalSection
	GlobalSection(SolutionProperties) = preSolution
		HideSolutionNode = FALSE
	EndGlobalSection
	GlobalSection(ExtensibilityGlobals) = postSolution
		SolutionGuid = {67095501-8391-4FE2-A7A7-1FC73B7D971F}
	EndGlobalSection
EndGlobal
